// !$*UTF8*$!
{
	archiveVersion = 1;
	classes = {
	};
	objectVersion = 48;
	objects = {

/* Begin PBXBuildFile section */
		26C385BC203DE2C8008026CE /* AppDelegate.swift in Sources */ = {isa = PBXBuildFile; fileRef = 26C385BB203DE2C8008026CE /* AppDelegate.swift */; };
		26C385BE203DE2C8008026CE /* ToDoListViewController.swift in Sources */ = {isa = PBXBuildFile; fileRef = 26C385BD203DE2C8008026CE /* ToDoListViewController.swift */; };
		26C385C1203DE2C8008026CE /* Main.storyboard in Resources */ = {isa = PBXBuildFile; fileRef = 26C385BF203DE2C8008026CE /* Main.storyboard */; };
		26C385C4203DE2C8008026CE /* SimpLISTic.xcdatamodeld in Sources */ = {isa = PBXBuildFile; fileRef = 26C385C2203DE2C8008026CE /* SimpLISTic.xcdatamodeld */; };
		26C385C6203DE2C8008026CE /* Assets.xcassets in Resources */ = {isa = PBXBuildFile; fileRef = 26C385C5203DE2C8008026CE /* Assets.xcassets */; };
		26C385C9203DE2C8008026CE /* LaunchScreen.storyboard in Resources */ = {isa = PBXBuildFile; fileRef = 26C385C7203DE2C8008026CE /* LaunchScreen.storyboard */; };
/* End PBXBuildFile section */

/* Begin PBXFileReference section */
		26C385B8203DE2C8008026CE /* SimpLISTic.app */ = {isa = PBXFileReference; explicitFileType = wrapper.application; includeInIndex = 0; path = SimpLISTic.app; sourceTree = BUILT_PRODUCTS_DIR; };
		26C385BB203DE2C8008026CE /* AppDelegate.swift */ = {isa = PBXFileReference; lastKnownFileType = sourcecode.swift; path = AppDelegate.swift; sourceTree = "<group>"; };
		26C385BD203DE2C8008026CE /* ToDoListViewController.swift */ = {isa = PBXFileReference; lastKnownFileType = sourcecode.swift; path = ToDoListViewController.swift; sourceTree = "<group>"; };
		26C385C0203DE2C8008026CE /* Base */ = {isa = PBXFileReference; lastKnownFileType = file.storyboard; name = Base; path = Base.lproj/Main.storyboard; sourceTree = "<group>"; };
		26C385C3203DE2C8008026CE /* SimpLISTic.xcdatamodel */ = {isa = PBXFileReference; lastKnownFileType = wrapper.xcdatamodel; path = SimpLISTic.xcdatamodel; sourceTree = "<group>"; };
		26C385C5203DE2C8008026CE /* Assets.xcassets */ = {isa = PBXFileReference; lastKnownFileType = folder.assetcatalog; path = Assets.xcassets; sourceTree = "<group>"; };
		26C385C8203DE2C8008026CE /* Base */ = {isa = PBXFileReference; lastKnownFileType = file.storyboard; name = Base; path = Base.lproj/LaunchScreen.storyboard; sourceTree = "<group>"; };
		26C385CA203DE2C8008026CE /* Info.plist */ = {isa = PBXFileReference; lastKnownFileType = text.plist.xml; path = Info.plist; sourceTree = "<group>"; };
/* End PBXFileReference section */

/* Begin PBXFrameworksBuildPhase section */
		26C385B5203DE2C8008026CE /* Frameworks */ = {
			isa = PBXFrameworksBuildPhase;
			buildActionMask = 2147483647;
			files = (
			);
			runOnlyForDeploymentPostprocessing = 0;
		};
/* End PBXFrameworksBuildPhase section */

/* Begin PBXGroup section */
		26C385AF203DE2C7008026CE = {
			isa = PBXGroup;
			children = (
				26C385BA203DE2C8008026CE /* SimpLISTic */,
				26C385B9203DE2C8008026CE /* Products */,
			);
			sourceTree = "<group>";
		};
		26C385B9203DE2C8008026CE /* Products */ = {
			isa = PBXGroup;
			children = (
				26C385B8203DE2C8008026CE /* SimpLISTic.app */,
			);
			name = Products;
			sourceTree = "<group>";
		};
		26C385BA203DE2C8008026CE /* SimpLISTic */ = {
			isa = PBXGroup;
			children = (
				26C385D2203F2F74008026CE /* Model */,
				26C385D3203F2F87008026CE /* View */,
				26C385D4203F2F97008026CE /* Controller */,
				26C385BB203DE2C8008026CE /* AppDelegate.swift */,
				26C385C5203DE2C8008026CE /* Assets.xcassets */,
				26C385CA203DE2C8008026CE /* Info.plist */,
				26C385C2203DE2C8008026CE /* SimpLISTic.xcdatamodeld */,
			);
			path = SimpLISTic;
			sourceTree = "<group>";
		};
		26C385D2203F2F74008026CE /* Model */ = {
			isa = PBXGroup;
			children = (
			);
			path = Model;
			sourceTree = "<group>";
		};
		26C385D3203F2F87008026CE /* View */ = {
			isa = PBXGroup;
			children = (
				26C385BF203DE2C8008026CE /* Main.storyboard */,
				26C385C7203DE2C8008026CE /* LaunchScreen.storyboard */,
			);
			path = View;
			sourceTree = "<group>";
		};
		26C385D4203F2F97008026CE /* Controller */ = {
			isa = PBXGroup;
			children = (
				26C385BD203DE2C8008026CE /* ToDoListViewController.swift */,
			);
			path = Controller;
			sourceTree = "<group>";
		};
/* End PBXGroup section */

/* Begin PBXNativeTarget section */
		26C385B7203DE2C8008026CE /* SimpLISTic */ = {
			isa = PBXNativeTarget;
			buildConfigurationList = 26C385CD203DE2C8008026CE /* Build configuration list for PBXNativeTarget "SimpLISTic" */;
			buildPhases = (
				26C385B4203DE2C8008026CE /* Sources */,
				26C385B5203DE2C8008026CE /* Frameworks */,
				26C385B6203DE2C8008026CE /* Resources */,
			);
			buildRules = (
			);
			dependencies = (
			);
			name = SimpLISTic;
			productName = SimpLISTic;
			productReference = 26C385B8203DE2C8008026CE /* SimpLISTic.app */;
			productType = "com.apple.product-type.application";
		};
/* End PBXNativeTarget section */

/* Begin PBXProject section */
		26C385B0203DE2C7008026CE /* Project object */ = {
			isa = PBXProject;
			attributes = {
				LastSwiftUpdateCheck = 0920;
				LastUpgradeCheck = 0920;
				ORGANIZATIONNAME = "Cameron Laury";
				TargetAttributes = {
					26C385B7203DE2C8008026CE = {
						CreatedOnToolsVersion = 9.2;
						ProvisioningStyle = Automatic;
					};
				};
			};
			buildConfigurationList = 26C385B3203DE2C7008026CE /* Build configuration list for PBXProject "SimpLISTic" */;
			compatibilityVersion = "Xcode 8.0";
			developmentRegion = en;
			hasScannedForEncodings = 0;
			knownRegions = (
				en,
				Base,
			);
			mainGroup = 26C385AF203DE2C7008026CE;
			productRefGroup = 26C385B9203DE2C8008026CE /* Products */;
			projectDirPath = "";
			projectRoot = "";
			targets = (
				26C385B7203DE2C8008026CE /* SimpLISTic */,
			);
		};
/* End PBXProject section */

/* Begin PBXResourcesBuildPhase section */
		26C385B6203DE2C8008026CE /* Resources */ = {
			isa = PBXResourcesBuildPhase;
			buildActionMask = 2147483647;
			files = (
				26C385C9203DE2C8008026CE /* LaunchScreen.storyboard in Resources */,
				26C385C6203DE2C8008026CE /* Assets.xcassets in Resources */,
				26C385C1203DE2C8008026CE /* Main.storyboard in Resources */,
			);
			runOnlyForDeploymentPostprocessing = 0;
		};
/* End PBXResourcesBuildPhase section */

/* Begin PBXSourcesBuildPhase section */
		26C385B4203DE2C8008026CE /* Sources */ = {
			isa = PBXSourcesBuildPhase;
			buildActionMask = 2147483647;
			files = (
				26C385C4203DE2C8008026CE /* SimpLISTic.xcdatamodeld in Sources */,
				26C385BE203DE2C8008026CE /* ToDoListViewController.swift in Sources */,
				26C385BC203DE2C8008026CE /* AppDelegate.swift in Sources */,
			);
			runOnlyForDeploymentPostprocessing = 0;
		};
/* End PBXSourcesBuildPhase section */

/* Begin PBXVariantGroup section */
		26C385BF203DE2C8008026CE /* Main.storyboard */ = {
			isa = PBXVariantGroup;
			children = (
				26C385C0203DE2C8008026CE /* Base */,
			);
			name = Main.storyboard;
			sourceTree = "<group>";
		};
		26C385C7203DE2C8008026CE /* LaunchScreen.storyboard */ = {
			isa = PBXVariantGroup;
			children = (
				26C385C8203DE2C8008026CE /* Base */,
			);
			name = LaunchScreen.storyboard;
			sourceTree = "<group>";
		};
/* End PBXVariantGroup section */

/* Begin XCBuildConfiguration section */
		26C385CB203DE2C8008026CE /* Debug */ = {
			isa = XCBuildConfiguration;
			buildSettings = {
				ALWAYS_SEARCH_USER_PATHS = NO;
				CLANG_ANALYZER_NONNULL = YES;
				CLANG_ANALYZER_NUMBER_OBJECT_CONVERSION = YES_AGGRESSIVE;
				CLANG_CXX_LANGUAGE_STANDARD = "gnu++14";
				CLANG_CXX_LIBRARY = "libc++";
				CLANG_ENABLE_MODULES = YES;
				CLANG_ENABLE_OBJC_ARC = YES;
				CLANG_WARN_BLOCK_CAPTURE_AUTORELEASING = YES;
				CLANG_WARN_BOOL_CONVERSION = YES;
				CLANG_WARN_COMMA = YES;
				CLANG_WARN_CONSTANT_CONVERSION = YES;
				CLANG_WARN_DIRECT_OBJC_ISA_USAGE = YES_ERROR;
				CLANG_WARN_DOCUMENTATION_COMMENTS = YES;
				CLANG_WARN_EMPTY_BODY = YES;
				CLANG_WARN_ENUM_CONVERSION = YES;
				CLANG_WARN_INFINITE_RECURSION = YES;
				CLANG_WARN_INT_CONVERSION = YES;
				CLANG_WARN_NON_LITERAL_NULL_CONVERSION = YES;
				CLANG_WARN_OBJC_LITERAL_CONVERSION = YES;
				CLANG_WARN_OBJC_ROOT_CLASS = YES_ERROR;
				CLANG_WARN_RANGE_LOOP_ANALYSIS = YES;
				CLANG_WARN_STRICT_PROTOTYPES = YES;
				CLANG_WARN_SUSPICIOUS_MOVE = YES;
				CLANG_WARN_UNGUARDED_AVAILABILITY = YES_AGGRESSIVE;
				CLANG_WARN_UNREACHABLE_CODE = YES;
				CLANG_WARN__DUPLICATE_METHOD_MATCH = YES;
				CODE_SIGN_IDENTITY = "iPhone Developer";
				COPY_PHASE_STRIP = NO;
				DEBUG_INFORMATION_FORMAT = dwarf;
				ENABLE_STRICT_OBJC_MSGSEND = YES;
				ENABLE_TESTABILITY = YES;
				GCC_C_LANGUAGE_STANDARD = gnu11;
				GCC_DYNAMIC_NO_PIC = NO;
				GCC_NO_COMMON_BLOCKS = YES;
				GCC_OPTIMIZATION_LEVEL = 0;
				GCC_PREPROCESSOR_DEFINITIONS = (
					"DEBUG=1",
					"$(inherited)",
				);
				GCC_WARN_64_TO_32_BIT_CONVERSION = YES;
				GCC_WARN_ABOUT_RETURN_TYPE = YES_ERROR;
				GCC_WARN_UNDECLARED_SELECTOR = YES;
				GCC_WARN_UNINITIALIZED_AUTOS = YES_AGGRESSIVE;
				GCC_WARN_UNUSED_FUNCTION = YES;
				GCC_WARN_UNUSED_VARIABLE = YES;
				IPHONEOS_DEPLOYMENT_TARGET = 11.2;
				MTL_ENABLE_DEBUG_INFO = YES;
				ONLY_ACTIVE_ARCH = YES;
				SDKROOT = iphoneos;
				SWIFT_ACTIVE_COMPILATION_CONDITIONS = DEBUG;
				SWIFT_OPTIMIZATION_LEVEL = "-Onone";
			};
			name = Debug;
		};
		26C385CC203DE2C8008026CE /* Release */ = {
			isa = XCBuildConfiguration;
			buildSettings = {
				ALWAYS_SEARCH_USER_PATHS = NO;
				CLANG_ANALYZER_NONNULL = YES;
				CLANG_ANALYZER_NUMBER_OBJECT_CONVERSION = YES_AGGRESSIVE;
				CLANG_CXX_LANGUAGE_STANDARD = "gnu++14";
				CLANG_CXX_LIBRARY = "libc++";
				CLANG_ENABLE_MODULES = YES;
				CLANG_ENABLE_OBJC_ARC = YES;
				CLANG_WARN_BLOCK_CAPTURE_AUTORELEASING = YES;
				CLANG_WARN_BOOL_CONVERSION = YES;
				CLANG_WARN_COMMA = YES;
				CLANG_WARN_CONSTANT_CONVERSION = YES;
				CLANG_WARN_DIRECT_OBJC_ISA_USAGE = YES_ERROR;
				CLANG_WARN_DOCUMENTATION_COMMENTS = YES;
				CLANG_WARN_EMPTY_BODY = YES;
				CLANG_WARN_ENUM_CONVERSION = YES;
				CLANG_WARN_INFINITE_RECURSION = YES;
				CLANG_WARN_INT_CONVERSION = YES;
				CLANG_WARN_NON_LITERAL_NULL_CONVERSION = YES;
				CLANG_WARN_OBJC_LITERAL_CONVERSION = YES;
				CLANG_WARN_OBJC_ROOT_CLASS = YES_ERROR;
				CLANG_WARN_RANGE_LOOP_ANALYSIS = YES;
				CLANG_WARN_STRICT_PROTOTYPES = YES;
				CLANG_WARN_SUSPICIOUS_MOVE = YES;
				CLANG_WARN_UNGUARDED_AVAILABILITY = YES_AGGRESSIVE;
				CLANG_WARN_UNREACHABLE_CODE = YES;
				CLANG_WARN__DUPLICATE_METHOD_MATCH = YES;
				CODE_SIGN_IDENTITY = "iPhone Developer";
				COPY_PHASE_STRIP = NO;
				DEBUG_INFORMATION_FORMAT = "dwarf-with-dsym";
				ENABLE_NS_ASSERTIONS = NO;
				ENABLE_STRICT_OBJC_MSGSEND = YES;
				GCC_C_LANGUAGE_STANDARD = gnu11;
				GCC_NO_COMMON_BLOCKS = YES;
				GCC_WARN_64_TO_32_BIT_CONVERSION = YES;
				GCC_WARN_ABOUT_RETURN_TYPE = YES_ERROR;
				GCC_WARN_UNDECLARED_SELECTOR = YES;
				GCC_WARN_UNINITIALIZED_AUTOS = YES_AGGRESSIVE;
				GCC_WARN_UNUSED_FUNCTION = YES;
				GCC_WARN_UNUSED_VARIABLE = YES;
				IPHONEOS_DEPLOYMENT_TARGET = 11.2;
				MTL_ENABLE_DEBUG_INFO = NO;
				SDKROOT = iphoneos;
				SWIFT_OPTIMIZATION_LEVEL = "-Owholemodule";
				VALIDATE_PRODUCT = YES;
			};
			name = Release;
		};
		26C385CE203DE2C8008026CE /* Debug */ = {
			isa = XCBuildConfiguration;
			buildSettings = {
				ASSETCATALOG_COMPILER_APPICON_NAME = AppIcon;
				CODE_SIGN_STYLE = Automatic;
				DEVELOPMENT_TEAM = A6TXXPKMDU;
				INFOPLIST_FILE = SimpLISTic/Info.plist;
				LD_RUNPATH_SEARCH_PATHS = "$(inherited) @executable_path/Frameworks";
				PRODUCT_BUNDLE_IDENTIFIER = com.CamGlam.SimpLISTic;
				PRODUCT_NAME = "$(TARGET_NAME)";
				SWIFT_VERSION = 4.0;
				TARGETED_DEVICE_FAMILY = "1,2";
			};
			name = Debug;
		};
		26C385CF203DE2C8008026CE /* Release */ = {
			isa = XCBuildConfiguration;
			buildSettings = {
				ASSETCATALOG_COMPILER_APPICON_NAME = AppIcon;
				CODE_SIGN_STYLE = Automatic;
				DEVELOPMENT_TEAM = A6TXXPKMDU;
				INFOPLIST_FILE = SimpLISTic/Info.plist;
				LD_RUNPATH_SEARCH_PATHS = "$(inherited) @executable_path/Frameworks";
				PRODUCT_BUNDLE_IDENTIFIER = com.CamGlam.SimpLISTic;
				PRODUCT_NAME = "$(TARGET_NAME)";
				SWIFT_VERSION = 4.0;
				TARGETED_DEVICE_FAMILY = "1,2";
			};
			name = Release;
		};
/* End XCBuildConfiguration section */

/* Begin XCConfigurationList section */
		26C385B3203DE2C7008026CE /* Build configuration list for PBXProject "SimpLISTic" */ = {
			isa = XCConfigurationList;
			buildConfigurations = (
				26C385CB203DE2C8008026CE /* Debug */,
				26C385CC203DE2C8008026CE /* Release */,
			);
			defaultConfigurationIsVisible = 0;
			defaultConfigurationName = Release;
		};
		26C385CD203DE2C8008026CE /* Build configuration list for PBXNativeTarget "SimpLISTic" */ = {
			isa = XCConfigurationList;
			buildConfigurations = (
				26C385CE203DE2C8008026CE /* Debug */,
				26C385CF203DE2C8008026CE /* Release */,
			);
			defaultConfigurationIsVisible = 0;
			defaultConfigurationName = Release;
		};
/* End XCConfigurationList section */

/* Begin XCVersionGroup section */
		26C385C2203DE2C8008026CE /* SimpLISTic.xcdatamodeld */ = {
			isa = XCVersionGroup;
			children = (
				26C385C3203DE2C8008026CE /* SimpLISTic.xcdatamodel */,
			);
			currentVersion = 26C385C3203DE2C8008026CE /* SimpLISTic.xcdatamodel */;
			path = SimpLISTic.xcdatamodeld;
			sourceTree = "<group>";
			versionGroupType = wrapper.xcdatamodel;
		};
/* End XCVersionGroup section */
	};
	rootObject = 26C385B0203DE2C7008026CE /* Project object */;
}
